// !$*UTF8*$!
{
	archiveVersion = 1;
	classes = {
	};
	objectVersion = 77;
	objects = {

/* Begin PBXContainerItemProxy section */
		ED2DBD752CDC29AF00D1AAEC /* PBXContainerItemProxy */ = {
			isa = PBXContainerItemProxy;
			containerPortal = ED2DBD582CDC29AE00D1AAEC /* Project object */;
			proxyType = 1;
			remoteGlobalIDString = ED2DBD5F2CDC29AE00D1AAEC;
			remoteInfo = "Tip Tracker";
		};
		ED2DBD7F2CDC29AF00D1AAEC /* PBXContainerItemProxy */ = {
			isa = PBXContainerItemProxy;
			containerPortal = ED2DBD582CDC29AE00D1AAEC /* Project object */;
			proxyType = 1;
			remoteGlobalIDString = ED2DBD5F2CDC29AE00D1AAEC;
			remoteInfo = "Tip Tracker";
		};
/* End PBXContainerItemProxy section */

/* Begin PBXFileReference section */
		ED2DBD602CDC29AE00D1AAEC /* Tip Tracker.app */ = {isa = PBXFileReference; explicitFileType = wrapper.application; includeInIndex = 0; path = "Tip Tracker.app"; sourceTree = BUILT_PRODUCTS_DIR; };
		ED2DBD742CDC29AF00D1AAEC /* Tip TrackerTests.xctest */ = {isa = PBXFileReference; explicitFileType = wrapper.cfbundle; includeInIndex = 0; path = "Tip TrackerTests.xctest"; sourceTree = BUILT_PRODUCTS_DIR; };
		ED2DBD7E2CDC29AF00D1AAEC /* Tip TrackerUITests.xctest */ = {isa = PBXFileReference; explicitFileType = wrapper.cfbundle; includeInIndex = 0; path = "Tip TrackerUITests.xctest"; sourceTree = BUILT_PRODUCTS_DIR; };
/* End PBXFileReference section */

/* Begin PBXFileSystemSynchronizedBuildFileExceptionSet section */
		ED2DBD862CDC29AF00D1AAEC /* Exceptions for "Tip Tracker" folder in "Tip Tracker" target */ = {
			isa = PBXFileSystemSynchronizedBuildFileExceptionSet;
			membershipExceptions = (
				Info.plist,
			);
			target = ED2DBD5F2CDC29AE00D1AAEC /* Tip Tracker */;
		};
/* End PBXFileSystemSynchronizedBuildFileExceptionSet section */

/* Begin PBXFileSystemSynchronizedRootGroup section */
		ED2DBD622CDC29AE00D1AAEC /* Tip Tracker */ = {
			isa = PBXFileSystemSynchronizedRootGroup;
			exceptions = (
				ED2DBD862CDC29AF00D1AAEC /* Exceptions for "Tip Tracker" folder in "Tip Tracker" target */,
			);
			path = "Tip Tracker";
			sourceTree = "<group>";
		};
		ED2DBD772CDC29AF00D1AAEC /* Tip TrackerTests */ = {
			isa = PBXFileSystemSynchronizedRootGroup;
			path = "Tip TrackerTests";
			sourceTree = "<group>";
		};
		ED2DBD812CDC29AF00D1AAEC /* Tip TrackerUITests */ = {
			isa = PBXFileSystemSynchronizedRootGroup;
			path = "Tip TrackerUITests";
			sourceTree = "<group>";
		};
/* End PBXFileSystemSynchronizedRootGroup section */

/* Begin PBXFrameworksBuildPhase section */
		ED2DBD5D2CDC29AE00D1AAEC /* Frameworks */ = {
			isa = PBXFrameworksBuildPhase;
			buildActionMask = 2147483647;
			files = (
			);
			runOnlyForDeploymentPostprocessing = 0;
		};
		ED2DBD712CDC29AF00D1AAEC /* Frameworks */ = {
			isa = PBXFrameworksBuildPhase;
			buildActionMask = 2147483647;
			files = (
			);
			runOnlyForDeploymentPostprocessing = 0;
		};
		ED2DBD7B2CDC29AF00D1AAEC /* Frameworks */ = {
			isa = PBXFrameworksBuildPhase;
			buildActionMask = 2147483647;
			files = (
			);
			runOnlyForDeploymentPostprocessing = 0;
		};
/* End PBXFrameworksBuildPhase section */

/* Begin PBXGroup section */
		ED2DBD572CDC29AE00D1AAEC = {
			isa = PBXGroup;
			children = (
				ED2DBD622CDC29AE00D1AAEC /* Tip Tracker */,
				ED2DBD772CDC29AF00D1AAEC /* Tip TrackerTests */,
				ED2DBD812CDC29AF00D1AAEC /* Tip TrackerUITests */,
				ED2DBD612CDC29AE00D1AAEC /* Products */,
			);
			sourceTree = "<group>";
		};
		ED2DBD612CDC29AE00D1AAEC /* Products */ = {
			isa = PBXGroup;
			children = (
				ED2DBD602CDC29AE00D1AAEC /* Tip Tracker.app */,
				ED2DBD742CDC29AF00D1AAEC /* Tip TrackerTests.xctest */,
				ED2DBD7E2CDC29AF00D1AAEC /* Tip TrackerUITests.xctest */,
			);
			name = Products;
			sourceTree = "<group>";
		};
/* End PBXGroup section */

/* Begin PBXNativeTarget section */
		ED2DBD5F2CDC29AE00D1AAEC /* Tip Tracker */ = {
			isa = PBXNativeTarget;
			buildConfigurationList = ED2DBD872CDC29AF00D1AAEC /* Build configuration list for PBXNativeTarget "Tip Tracker" */;
			buildPhases = (
				ED2DBD5C2CDC29AE00D1AAEC /* Sources */,
				ED2DBD5D2CDC29AE00D1AAEC /* Frameworks */,
				ED2DBD5E2CDC29AE00D1AAEC /* Resources */,
			);
			buildRules = (
			);
			dependencies = (
			);
			fileSystemSynchronizedGroups = (
				ED2DBD622CDC29AE00D1AAEC /* Tip Tracker */,
			);
			name = "Tip Tracker";
			packageProductDependencies = (
			);
			productName = "Tip Tracker";
			productReference = ED2DBD602CDC29AE00D1AAEC /* Tip Tracker.app */;
			productType = "com.apple.product-type.application";
		};
		ED2DBD732CDC29AF00D1AAEC /* Tip TrackerTests */ = {
			isa = PBXNativeTarget;
			buildConfigurationList = ED2DBD8C2CDC29AF00D1AAEC /* Build configuration list for PBXNativeTarget "Tip TrackerTests" */;
			buildPhases = (
				ED2DBD702CDC29AF00D1AAEC /* Sources */,
				ED2DBD712CDC29AF00D1AAEC /* Frameworks */,
				ED2DBD722CDC29AF00D1AAEC /* Resources */,
			);
			buildRules = (
			);
			dependencies = (
				ED2DBD762CDC29AF00D1AAEC /* PBXTargetDependency */,
			);
			fileSystemSynchronizedGroups = (
				ED2DBD772CDC29AF00D1AAEC /* Tip TrackerTests */,
			);
			name = "Tip TrackerTests";
			packageProductDependencies = (
			);
			productName = "Tip TrackerTests";
			productReference = ED2DBD742CDC29AF00D1AAEC /* Tip TrackerTests.xctest */;
			productType = "com.apple.product-type.bundle.unit-test";
		};
		ED2DBD7D2CDC29AF00D1AAEC /* Tip TrackerUITests */ = {
			isa = PBXNativeTarget;
			buildConfigurationList = ED2DBD8F2CDC29AF00D1AAEC /* Build configuration list for PBXNativeTarget "Tip TrackerUITests" */;
			buildPhases = (
				ED2DBD7A2CDC29AF00D1AAEC /* Sources */,
				ED2DBD7B2CDC29AF00D1AAEC /* Frameworks */,
				ED2DBD7C2CDC29AF00D1AAEC /* Resources */,
			);
			buildRules = (
			);
			dependencies = (
				ED2DBD802CDC29AF00D1AAEC /* PBXTargetDependency */,
			);
			fileSystemSynchronizedGroups = (
				ED2DBD812CDC29AF00D1AAEC /* Tip TrackerUITests */,
			);
			name = "Tip TrackerUITests";
			packageProductDependencies = (
			);
			productName = "Tip TrackerUITests";
			productReference = ED2DBD7E2CDC29AF00D1AAEC /* Tip TrackerUITests.xctest */;
			productType = "com.apple.product-type.bundle.ui-testing";
		};
/* End PBXNativeTarget section */

/* Begin PBXProject section */
		ED2DBD582CDC29AE00D1AAEC /* Project object */ = {
			isa = PBXProject;
			attributes = {
				BuildIndependentTargetsInParallel = 1;
				LastSwiftUpdateCheck = 1610;
				LastUpgradeCheck = 1610;
				TargetAttributes = {
					ED2DBD5F2CDC29AE00D1AAEC = {
						CreatedOnToolsVersion = 16.1;
					};
					ED2DBD732CDC29AF00D1AAEC = {
						CreatedOnToolsVersion = 16.1;
						TestTargetID = ED2DBD5F2CDC29AE00D1AAEC;
					};
					ED2DBD7D2CDC29AF00D1AAEC = {
						CreatedOnToolsVersion = 16.1;
						TestTargetID = ED2DBD5F2CDC29AE00D1AAEC;
					};
				};
			};
			buildConfigurationList = ED2DBD5B2CDC29AE00D1AAEC /* Build configuration list for PBXProject "Tip Tracker" */;
			developmentRegion = en;
			hasScannedForEncodings = 0;
			knownRegions = (
				en,
				Base,
			);
			mainGroup = ED2DBD572CDC29AE00D1AAEC;
			minimizedProjectReferenceProxies = 1;
			preferredProjectObjectVersion = 77;
			productRefGroup = ED2DBD612CDC29AE00D1AAEC /* Products */;
			projectDirPath = "";
			projectRoot = "";
			targets = (
				ED2DBD5F2CDC29AE00D1AAEC /* Tip Tracker */,
				ED2DBD732CDC29AF00D1AAEC /* Tip TrackerTests */,
				ED2DBD7D2CDC29AF00D1AAEC /* Tip TrackerUITests */,
			);
		};
/* End PBXProject section */

/* Begin PBXResourcesBuildPhase section */
		ED2DBD5E2CDC29AE00D1AAEC /* Resources */ = {
			isa = PBXResourcesBuildPhase;
			buildActionMask = 2147483647;
			files = (
			);
			runOnlyForDeploymentPostprocessing = 0;
		};
		ED2DBD722CDC29AF00D1AAEC /* Resources */ = {
			isa = PBXResourcesBuildPhase;
			buildActionMask = 2147483647;
			files = (
			);
			runOnlyForDeploymentPostprocessing = 0;
		};
		ED2DBD7C2CDC29AF00D1AAEC /* Resources */ = {
			isa = PBXResourcesBuildPhase;
			buildActionMask = 2147483647;
			files = (
			);
			runOnlyForDeploymentPostprocessing = 0;
		};
/* End PBXResourcesBuildPhase section */

/* Begin PBXSourcesBuildPhase section */
		ED2DBD5C2CDC29AE00D1AAEC /* Sources */ = {
			isa = PBXSourcesBuildPhase;
			buildActionMask = 2147483647;
			files = (
			);
			runOnlyForDeploymentPostprocessing = 0;
		};
		ED2DBD702CDC29AF00D1AAEC /* Sources */ = {
			isa = PBXSourcesBuildPhase;
			buildActionMask = 2147483647;
			files = (
			);
			runOnlyForDeploymentPostprocessing = 0;
		};
		ED2DBD7A2CDC29AF00D1AAEC /* Sources */ = {
			isa = PBXSourcesBuildPhase;
			buildActionMask = 2147483647;
			files = (
			);
			runOnlyForDeploymentPostprocessing = 0;
		};
/* End PBXSourcesBuildPhase section */

/* Begin PBXTargetDependency section */
		ED2DBD762CDC29AF00D1AAEC /* PBXTargetDependency */ = {
			isa = PBXTargetDependency;
			target = ED2DBD5F2CDC29AE00D1AAEC /* Tip Tracker */;
			targetProxy = ED2DBD752CDC29AF00D1AAEC /* PBXContainerItemProxy */;
		};
		ED2DBD802CDC29AF00D1AAEC /* PBXTargetDependency */ = {
			isa = PBXTargetDependency;
			target = ED2DBD5F2CDC29AE00D1AAEC /* Tip Tracker */;
			targetProxy = ED2DBD7F2CDC29AF00D1AAEC /* PBXContainerItemProxy */;
		};
/* End PBXTargetDependency section */

/* Begin XCBuildConfiguration section */
		ED2DBD882CDC29AF00D1AAEC /* Debug */ = {
			isa = XCBuildConfiguration;
			buildSettings = {
				ASSETCATALOG_COMPILER_APPICON_NAME = AppIcon;
				ASSETCATALOG_COMPILER_GLOBAL_ACCENT_COLOR_NAME = AccentColor;
				CODE_SIGN_ENTITLEMENTS = "Tip Tracker/Tip_Tracker.entitlements";
				CODE_SIGN_STYLE = Automatic;
				CURRENT_PROJECT_VERSION = 1;
				DEVELOPMENT_ASSET_PATHS = "\"Tip Tracker/Preview Content\"";
				DEVELOPMENT_TEAM = C642NC4FRF;
				ENABLE_HARDENED_RUNTIME = YES;
				ENABLE_PREVIEWS = YES;
				GENERATE_INFOPLIST_FILE = YES;
				INFOPLIST_FILE = "Tip Tracker/Info.plist";
				"INFOPLIST_KEY_UIApplicationSceneManifest_Generation[sdk=iphoneos*]" = YES;
				"INFOPLIST_KEY_UIApplicationSceneManifest_Generation[sdk=iphonesimulator*]" = YES;
				"INFOPLIST_KEY_UIApplicationSupportsIndirectInputEvents[sdk=iphoneos*]" = YES;
				"INFOPLIST_KEY_UIApplicationSupportsIndirectInputEvents[sdk=iphonesimulator*]" = YES;
				"INFOPLIST_KEY_UILaunchScreen_Generation[sdk=iphoneos*]" = YES;
				"INFOPLIST_KEY_UILaunchScreen_Generation[sdk=iphonesimulator*]" = YES;
				"INFOPLIST_KEY_UIStatusBarStyle[sdk=iphoneos*]" = UIStatusBarStyleDefault;
				"INFOPLIST_KEY_UIStatusBarStyle[sdk=iphonesimulator*]" = UIStatusBarStyleDefault;
				INFOPLIST_KEY_UISupportedInterfaceOrientations = UIInterfaceOrientationPortrait;
				INFOPLIST_KEY_UISupportedInterfaceOrientations_iPad = "UIInterfaceOrientationLandscapeLeft UIInterfaceOrientationLandscapeRight UIInterfaceOrientationPortrait UIInterfaceOrientationPortraitUpsideDown";
				IPHONEOS_DEPLOYMENT_TARGET = 17.0;
				LD_RUNPATH_SEARCH_PATHS = "@executable_path/Frameworks";
				"LD_RUNPATH_SEARCH_PATHS[sdk=macosx*]" = "@executable_path/../Frameworks";
				MACOSX_DEPLOYMENT_TARGET = 14.0;
				MARKETING_VERSION = 1.0;
				PRODUCT_BUNDLE_IDENTIFIER = "Tip-Track.Tip-Tracker";
				PRODUCT_NAME = "$(TARGET_NAME)";
				SDKROOT = auto;
				SUPPORTED_PLATFORMS = "iphoneos iphonesimulator";
				SUPPORTS_MACCATALYST = NO;
				SWIFT_EMIT_LOC_STRINGS = YES;
				SWIFT_VERSION = 5.0;
				TARGETED_DEVICE_FAMILY = 1;
				XROS_DEPLOYMENT_TARGET = 2.1;
			};
			name = Debug;
		};
		ED2DBD892CDC29AF00D1AAEC /* Release */ = {
			isa = XCBuildConfiguration;
			buildSettings = {
				ASSETCATALOG_COMPILER_APPICON_NAME = AppIcon;
				ASSETCATALOG_COMPILER_GLOBAL_ACCENT_COLOR_NAME = AccentColor;
				CODE_SIGN_ENTITLEMENTS = "Tip Tracker/Tip_Tracker.entitlements";
				CODE_SIGN_STYLE = Automatic;
				CURRENT_PROJECT_VERSION = 1;
				DEVELOPMENT_ASSET_PATHS = "\"Tip Tracker/Preview Content\"";
				DEVELOPMENT_TEAM = C642NC4FRF;
				ENABLE_HARDENED_RUNTIME = YES;
				ENABLE_PREVIEWS = YES;
				GENERATE_INFOPLIST_FILE = YES;
				INFOPLIST_FILE = "Tip Tracker/Info.plist";
				"INFOPLIST_KEY_UIApplicationSceneManifest_Generation[sdk=iphoneos*]" = YES;
				"INFOPLIST_KEY_UIApplicationSceneManifest_Generation[sdk=iphonesimulator*]" = YES;
				"INFOPLIST_KEY_UIApplicationSupportsIndirectInputEvents[sdk=iphoneos*]" = YES;
				"INFOPLIST_KEY_UIApplicationSupportsIndirectInputEvents[sdk=iphonesimulator*]" = YES;
				"INFOPLIST_KEY_UILaunchScreen_Generation[sdk=iphoneos*]" = YES;
				"INFOPLIST_KEY_UILaunchScreen_Generation[sdk=iphonesimulator*]" = YES;
				"INFOPLIST_KEY_UIStatusBarStyle[sdk=iphoneos*]" = UIStatusBarStyleDefault;
				"INFOPLIST_KEY_UIStatusBarStyle[sdk=iphonesimulator*]" = UIStatusBarStyleDefault;
				INFOPLIST_KEY_UISupportedInterfaceOrientations = UIInterfaceOrientationPortrait;
				INFOPLIST_KEY_UISupportedInterfaceOrientations_iPad = "UIInterfaceOrientationLandscapeLeft UIInterfaceOrientationLandscapeRight UIInterfaceOrientationPortrait UIInterfaceOrientationPortraitUpsideDown";
				IPHONEOS_DEPLOYMENT_TARGET = 17.0;
				LD_RUNPATH_SEARCH_PATHS = "@executable_path/Frameworks";
				"LD_RUNPATH_SEARCH_PATHS[sdk=macosx*]" = "@executable_path/../Frameworks";
				MACOSX_DEPLOYMENT_TARGET = 14.0;
				MARKETING_VERSION = 1.0;
				PRODUCT_BUNDLE_IDENTIFIER = "Tip-Track.Tip-Tracker";
				PRODUCT_NAME = "$(TARGET_NAME)";
				SDKROOT = auto;
				SUPPORTED_PLATFORMS = "iphoneos iphonesimulator";
				SUPPORTS_MACCATALYST = NO;
				SWIFT_EMIT_LOC_STRINGS = YES;
				SWIFT_VERSION = 5.0;
				TARGETED_DEVICE_FAMILY = 1;
				XROS_DEPLOYMENT_TARGET = 2.1;
			};
			name = Release;
		};
		ED2DBD8A2CDC29AF00D1AAEC /* Debug */ = {
			isa = XCBuildConfiguration;
			buildSettings = {
				ALWAYS_SEARCH_USER_PATHS = NO;
				ASSETCATALOG_COMPILER_GENERATE_SWIFT_ASSET_SYMBOL_EXTENSIONS = YES;
				CLANG_ANALYZER_NONNULL = YES;
				CLANG_ANALYZER_NUMBER_OBJECT_CONVERSION = YES_AGGRESSIVE;
				CLANG_CXX_LANGUAGE_STANDARD = "gnu++20";
				CLANG_ENABLE_MODULES = YES;
				CLANG_ENABLE_OBJC_ARC = YES;
				CLANG_ENABLE_OBJC_WEAK = YES;
				CLANG_WARN_BLOCK_CAPTURE_AUTORELEASING = YES;
				CLANG_WARN_BOOL_CONVERSION = YES;
				CLANG_WARN_COMMA = YES;
				CLANG_WARN_CONSTANT_CONVERSION = YES;
				CLANG_WARN_DEPRECATED_OBJC_IMPLEMENTATIONS = YES;
				CLANG_WARN_DIRECT_OBJC_ISA_USAGE = YES_ERROR;
				CLANG_WARN_DOCUMENTATION_COMMENTS = YES;
				CLANG_WARN_EMPTY_BODY = YES;
				CLANG_WARN_ENUM_CONVERSION = YES;
				CLANG_WARN_INFINITE_RECURSION = YES;
				CLANG_WARN_INT_CONVERSION = YES;
				CLANG_WARN_NON_LITERAL_NULL_CONVERSION = YES;
				CLANG_WARN_OBJC_IMPLICIT_RETAIN_SELF = YES;
				CLANG_WARN_OBJC_LITERAL_CONVERSION = YES;
				CLANG_WARN_OBJC_ROOT_CLASS = YES_ERROR;
				CLANG_WARN_QUOTED_INCLUDE_IN_FRAMEWORK_HEADER = YES;
				CLANG_WARN_RANGE_LOOP_ANALYSIS = YES;
				CLANG_WARN_STRICT_PROTOTYPES = YES;
				CLANG_WARN_SUSPICIOUS_MOVE = YES;
				CLANG_WARN_UNGUARDED_AVAILABILITY = YES_AGGRESSIVE;
				CLANG_WARN_UNREACHABLE_CODE = YES;
				CLANG_WARN__DUPLICATE_METHOD_MATCH = YES;
				COPY_PHASE_STRIP = NO;
				DEBUG_INFORMATION_FORMAT = dwarf;
				ENABLE_STRICT_OBJC_MSGSEND = YES;
				ENABLE_TESTABILITY = YES;
				ENABLE_USER_SCRIPT_SANDBOXING = YES;
				GCC_C_LANGUAGE_STANDARD = gnu17;
				GCC_DYNAMIC_NO_PIC = NO;
				GCC_NO_COMMON_BLOCKS = YES;
				GCC_OPTIMIZATION_LEVEL = 0;
				GCC_PREPROCESSOR_DEFINITIONS = (
					"DEBUG=1",
					"$(inherited)",
				);
				GCC_WARN_64_TO_32_BIT_CONVERSION = YES;
				GCC_WARN_ABOUT_RETURN_TYPE = YES_ERROR;
				GCC_WARN_UNDECLARED_SELECTOR = YES;
				GCC_WARN_UNINITIALIZED_AUTOS = YES_AGGRESSIVE;
				GCC_WARN_UNUSED_FUNCTION = YES;
				GCC_WARN_UNUSED_VARIABLE = YES;
				LOCALIZATION_PREFERS_STRING_CATALOGS = YES;
				MTL_ENABLE_DEBUG_INFO = INCLUDE_SOURCE;
				MTL_FAST_MATH = YES;
				ONLY_ACTIVE_ARCH = YES;
				SWIFT_ACTIVE_COMPILATION_CONDITIONS = "DEBUG $(inherited)";
				SWIFT_OPTIMIZATION_LEVEL = "-Onone";
			};
			name = Debug;
		};
		ED2DBD8B2CDC29AF00D1AAEC /* Release */ = {
			isa = XCBuildConfiguration;
			buildSettings = {
				ALWAYS_SEARCH_USER_PATHS = NO;
				ASSETCATALOG_COMPILER_GENERATE_SWIFT_ASSET_SYMBOL_EXTENSIONS = YES;
				CLANG_ANALYZER_NONNULL = YES;
				CLANG_ANALYZER_NUMBER_OBJECT_CONVERSION = YES_AGGRESSIVE;
				CLANG_CXX_LANGUAGE_STANDARD = "gnu++20";
				CLANG_ENABLE_MODULES = YES;
				CLANG_ENABLE_OBJC_ARC = YES;
				CLANG_ENABLE_OBJC_WEAK = YES;
				CLANG_WARN_BLOCK_CAPTURE_AUTORELEASING = YES;
				CLANG_WARN_BOOL_CONVERSION = YES;
				CLANG_WARN_COMMA = YES;
				CLANG_WARN_CONSTANT_CONVERSION = YES;
				CLANG_WARN_DEPRECATED_OBJC_IMPLEMENTATIONS = YES;
				CLANG_WARN_DIRECT_OBJC_ISA_USAGE = YES_ERROR;
				CLANG_WARN_DOCUMENTATION_COMMENTS = YES;
				CLANG_WARN_EMPTY_BODY = YES;
				CLANG_WARN_ENUM_CONVERSION = YES;
				CLANG_WARN_INFINITE_RECURSION = YES;
				CLANG_WARN_INT_CONVERSION = YES;
				CLANG_WARN_NON_LITERAL_NULL_CONVERSION = YES;
				CLANG_WARN_OBJC_IMPLICIT_RETAIN_SELF = YES;
				CLANG_WARN_OBJC_LITERAL_CONVERSION = YES;
				CLANG_WARN_OBJC_ROOT_CLASS = YES_ERROR;
				CLANG_WARN_QUOTED_INCLUDE_IN_FRAMEWORK_HEADER = YES;
				CLANG_WARN_RANGE_LOOP_ANALYSIS = YES;
				CLANG_WARN_STRICT_PROTOTYPES = YES;
				CLANG_WARN_SUSPICIOUS_MOVE = YES;
				CLANG_WARN_UNGUARDED_AVAILABILITY = YES_AGGRESSIVE;
				CLANG_WARN_UNREACHABLE_CODE = YES;
				CLANG_WARN__DUPLICATE_METHOD_MATCH = YES;
				COPY_PHASE_STRIP = NO;
				DEBUG_INFORMATION_FORMAT = "dwarf-with-dsym";
				ENABLE_NS_ASSERTIONS = NO;
				ENABLE_STRICT_OBJC_MSGSEND = YES;
				ENABLE_USER_SCRIPT_SANDBOXING = YES;
				GCC_C_LANGUAGE_STANDARD = gnu17;
				GCC_NO_COMMON_BLOCKS = YES;
				GCC_WARN_64_TO_32_BIT_CONVERSION = YES;
				GCC_WARN_ABOUT_RETURN_TYPE = YES_ERROR;
				GCC_WARN_UNDECLARED_SELECTOR = YES;
				GCC_WARN_UNINITIALIZED_AUTOS = YES_AGGRESSIVE;
				GCC_WARN_UNUSED_FUNCTION = YES;
				GCC_WARN_UNUSED_VARIABLE = YES;
				LOCALIZATION_PREFERS_STRING_CATALOGS = YES;
				MTL_ENABLE_DEBUG_INFO = NO;
				MTL_FAST_MATH = YES;
				SWIFT_COMPILATION_MODE = wholemodule;
			};
			name = Release;
		};
		ED2DBD8D2CDC29AF00D1AAEC /* Debug */ = {
			isa = XCBuildConfiguration;
			buildSettings = {
				BUNDLE_LOADER = "$(TEST_HOST)";
				CODE_SIGN_STYLE = Automatic;
				CURRENT_PROJECT_VERSION = 1;
				DEVELOPMENT_TEAM = C642NC4FRF;
				GENERATE_INFOPLIST_FILE = YES;
				IPHONEOS_DEPLOYMENT_TARGET = 18.1;
				MACOSX_DEPLOYMENT_TARGET = 15.0;
				MARKETING_VERSION = 1.0;
				PRODUCT_BUNDLE_IDENTIFIER = "Tip-Track.Tip-TrackerTests";
				PRODUCT_NAME = "$(TARGET_NAME)";
				SDKROOT = auto;
				SUPPORTED_PLATFORMS = "iphoneos iphonesimulator macosx xros xrsimulator";
				SWIFT_EMIT_LOC_STRINGS = NO;
				SWIFT_VERSION = 5.0;
				TARGETED_DEVICE_FAMILY = "1,2,7";
				TEST_HOST = "$(BUILT_PRODUCTS_DIR)/Tip Tracker.app/$(BUNDLE_EXECUTABLE_FOLDER_PATH)/Tip Tracker";
				XROS_DEPLOYMENT_TARGET = 2.1;
			};
			name = Debug;
		};
		ED2DBD8E2CDC29AF00D1AAEC /* Release */ = {
			isa = XCBuildConfiguration;
			buildSettings = {
				BUNDLE_LOADER = "$(TEST_HOST)";
				CODE_SIGN_STYLE = Automatic;
				CURRENT_PROJECT_VERSION = 1;
				DEVELOPMENT_TEAM = C642NC4FRF;
				GENERATE_INFOPLIST_FILE = YES;
				IPHONEOS_DEPLOYMENT_TARGET = 18.1;
				MACOSX_DEPLOYMENT_TARGET = 15.0;
				MARKETING_VERSION = 1.0;
				PRODUCT_BUNDLE_IDENTIFIER = "Tip-Track.Tip-TrackerTests";
				PRODUCT_NAME = "$(TARGET_NAME)";
				SDKROOT = auto;
				SUPPORTED_PLATFORMS = "iphoneos iphonesimulator macosx xros xrsimulator";
				SWIFT_EMIT_LOC_STRINGS = NO;
				SWIFT_VERSION = 5.0;
				TARGETED_DEVICE_FAMILY = "1,2,7";
				TEST_HOST = "$(BUILT_PRODUCTS_DIR)/Tip Tracker.app/$(BUNDLE_EXECUTABLE_FOLDER_PATH)/Tip Tracker";
				XROS_DEPLOYMENT_TARGET = 2.1;
			};
			name = Release;
		};
		ED2DBD902CDC29AF00D1AAEC /* Debug */ = {
			isa = XCBuildConfiguration;
			buildSettings = {
				CODE_SIGN_STYLE = Automatic;
				CURRENT_PROJECT_VERSION = 1;
				DEVELOPMENT_TEAM = C642NC4FRF;
				GENERATE_INFOPLIST_FILE = YES;
				IPHONEOS_DEPLOYMENT_TARGET = 18.1;
				MACOSX_DEPLOYMENT_TARGET = 15.0;
				MARKETING_VERSION = 1.0;
				PRODUCT_BUNDLE_IDENTIFIER = "Tip-Track.Tip-TrackerUITests";
				PRODUCT_NAME = "$(TARGET_NAME)";
				SDKROOT = auto;
				SUPPORTED_PLATFORMS = "iphoneos iphonesimulator macosx xros xrsimulator";
				SWIFT_EMIT_LOC_STRINGS = NO;
				SWIFT_VERSION = 5.0;
				TARGETED_DEVICE_FAMILY = "1,2,7";
				TEST_TARGET_NAME = "Tip Tracker";
				XROS_DEPLOYMENT_TARGET = 2.1;
			};
			name = Debug;
		};
		ED2DBD912CDC29AF00D1AAEC /* Release */ = {
			isa = XCBuildConfiguration;
			buildSettings = {
				CODE_SIGN_STYLE = Automatic;
				CURRENT_PROJECT_VERSION = 1;
				DEVELOPMENT_TEAM = C642NC4FRF;
				GENERATE_INFOPLIST_FILE = YES;
				IPHONEOS_DEPLOYMENT_TARGET = 18.1;
				MACOSX_DEPLOYMENT_TARGET = 15.0;
				MARKETING_VERSION = 1.0;
				PRODUCT_BUNDLE_IDENTIFIER = "Tip-Track.Tip-TrackerUITests";
				PRODUCT_NAME = "$(TARGET_NAME)";
				SDKROOT = auto;
				SUPPORTED_PLATFORMS = "iphoneos iphonesimulator macosx xros xrsimulator";
				SWIFT_EMIT_LOC_STRINGS = NO;
				SWIFT_VERSION = 5.0;
				TARGETED_DEVICE_FAMILY = "1,2,7";
				TEST_TARGET_NAME = "Tip Tracker";
				XROS_DEPLOYMENT_TARGET = 2.1;
			};
			name = Release;
		};
/* End XCBuildConfiguration section */

/* Begin XCConfigurationList section */
		ED2DBD5B2CDC29AE00D1AAEC /* Build configuration list for PBXProject "Tip Tracker" */ = {
			isa = XCConfigurationList;
			buildConfigurations = (
				ED2DBD8A2CDC29AF00D1AAEC /* Debug */,
				ED2DBD8B2CDC29AF00D1AAEC /* Release */,
			);
			defaultConfigurationIsVisible = 0;
			defaultConfigurationName = Release;
		};
		ED2DBD872CDC29AF00D1AAEC /* Build configuration list for PBXNativeTarget "Tip Tracker" */ = {
			isa = XCConfigurationList;
			buildConfigurations = (
				ED2DBD882CDC29AF00D1AAEC /* Debug */,
				ED2DBD892CDC29AF00D1AAEC /* Release */,
			);
			defaultConfigurationIsVisible = 0;
			defaultConfigurationName = Release;
		};
		ED2DBD8C2CDC29AF00D1AAEC /* Build configuration list for PBXNativeTarget "Tip TrackerTests" */ = {
			isa = XCConfigurationList;
			buildConfigurations = (
				ED2DBD8D2CDC29AF00D1AAEC /* Debug */,
				ED2DBD8E2CDC29AF00D1AAEC /* Release */,
			);
			defaultConfigurationIsVisible = 0;
			defaultConfigurationName = Release;
		};
		ED2DBD8F2CDC29AF00D1AAEC /* Build configuration list for PBXNativeTarget "Tip TrackerUITests" */ = {
			isa = XCConfigurationList;
			buildConfigurations = (
				ED2DBD902CDC29AF00D1AAEC /* Debug */,
				ED2DBD912CDC29AF00D1AAEC /* Release */,
			);
			defaultConfigurationIsVisible = 0;
			defaultConfigurationName = Release;
		};
/* End XCConfigurationList section */
	};
	rootObject = ED2DBD582CDC29AE00D1AAEC /* Project object */;
}
